
Microsoft Visual Studio Solution File, Format Version 12.00
# Visual Studio Version 17
VisualStudioVersion = 17.4.33213.308
MinimumVisualStudioVersion = 10.0.40219.1
Project("{9A19103F-16F7-4668-BE54-9A1E7A4F7556}") = "BSBookingQuery.Api", "BSBookingQuery.Api\BSBookingQuery.Api.csproj", "{8B537702-6F5B-4F54-8BD5-4745264EEF5E}"
EndProject
Project("{9A19103F-16F7-4668-BE54-9A1E7A4F7556}") = "BSBookingQuery.Domain", "BSBookingQuery.Domain\BSBookingQuery.Domain.csproj", "{09B33EEB-3BA2-4A39-98F4-F51CB6B82E0D}"
EndProject
Project("{9A19103F-16F7-4668-BE54-9A1E7A4F7556}") = "BSBookingQuery.Service", "BSBookingQuery.Service\BSBookingQuery.Service.csproj", "{262FEF1A-755E-4303-BA39-719E63295399}"
EndProject
Project("{9A19103F-16F7-4668-BE54-9A1E7A4F7556}") = "BSBookingQuery.DAL", "BSBookingQuery.DAL\BSBookingQuery.DAL.csproj", "{7ECE44A7-35CF-4191-BAFD-5BA3253AC64D}"
EndProject
Global
	GlobalSection(SolutionConfigurationPlatforms) = preSolution
		Debug|Any CPU = Debug|Any CPU
		Release|Any CPU = Release|Any CPU
	EndGlobalSection
	GlobalSection(ProjectConfigurationPlatforms) = postSolution
		{8B537702-6F5B-4F54-8BD5-4745264EEF5E}.Debug|Any CPU.ActiveCfg = Debug|Any CPU
		{8B537702-6F5B-4F54-8BD5-4745264EEF5E}.Debug|Any CPU.Build.0 = Debug|Any CPU
		{8B537702-6F5B-4F54-8BD5-4745264EEF5E}.Release|Any CPU.ActiveCfg = Release|Any CPU
		{8B537702-6F5B-4F54-8BD5-4745264EEF5E}.Release|Any CPU.Build.0 = Release|Any CPU
		{09B33EEB-3BA2-4A39-98F4-F51CB6B82E0D}.Debug|Any CPU.ActiveCfg = Debug|Any CPU
		{09B33EEB-3BA2-4A39-98F4-F51CB6B82E0D}.Debug|Any CPU.Build.0 = Debug|Any CPU
		{09B33EEB-3BA2-4A39-98F4-F51CB6B82E0D}.Release|Any CPU.ActiveCfg = Release|Any CPU
		{09B33EEB-3BA2-4A39-98F4-F51CB6B82E0D}.Release|Any CPU.Build.0 = Release|Any CPU
		{262FEF1A-755E-4303-BA39-719E63295399}.Debug|Any CPU.ActiveCfg = Debug|Any CPU
		{262FEF1A-755E-4303-BA39-719E63295399}.Debug|Any CPU.Build.0 = Debug|Any CPU
		{262FEF1A-755E-4303-BA39-719E63295399}.Release|Any CPU.ActiveCfg = Release|Any CPU
		{262FEF1A-755E-4303-BA39-719E63295399}.Release|Any CPU.Build.0 = Release|Any CPU
		{7ECE44A7-35CF-4191-BAFD-5BA3253AC64D}.Debug|Any CPU.ActiveCfg = Debug|Any CPU
		{7ECE44A7-35CF-4191-BAFD-5BA3253AC64D}.Debug|Any CPU.Build.0 = Debug|Any CPU
		{7ECE44A7-35CF-4191-BAFD-5BA3253AC64D}.Release|Any CPU.ActiveCfg = Release|Any CPU
		{7ECE44A7-35CF-4191-BAFD-5BA3253AC64D}.Release|Any CPU.Build.0 = Release|Any CPU
	EndGlobalSection
	GlobalSection(SolutionProperties) = preSolution
		HideSolutionNode = FALSE
	EndGlobalSection
	GlobalSection(ExtensibilityGlobals) = postSolution
		SolutionGuid = {99F53246-16DF-4FA6-B82F-5682B35FE650}
	EndGlobalSection
EndGlobal
